
Microsoft Visual Studio Solution File, Format Version 12.00
# Visual Studio Version 17
VisualStudioVersion = 17.5.002.0
MinimumVisualStudioVersion = 10.0.40219.1
Project("{2150E333-8FDC-42A3-9474-1A3956D46DE8}") = "csharp-prep", "csharp-prep", "{B242EF43-1721-4A0F-A106-43D3C1C6B226}"
EndProject
Project("{9A19103F-16F7-4668-BE54-9A1E7A4F7556}") = "Prep1", "csharp-prep\Prep1\Prep1.csproj", "{51E02981-4EE9-46D2-AC90-0CF787E5E474}"
EndProject
Project("{9A19103F-16F7-4668-BE54-9A1E7A4F7556}") = "Prep2", "csharp-prep\Prep2\Prep2.csproj", "{64DD49D0-EFF1-4230-ABE5-FC0E73A42E44}"
EndProject
Project("{9A19103F-16F7-4668-BE54-9A1E7A4F7556}") = "Prep3", "csharp-prep\Prep3\Prep3.csproj", "{A27D9846-96CA-4CAE-ADFC-FAC9C607A507}"
EndProject
Project("{9A19103F-16F7-4668-BE54-9A1E7A4F7556}") = "Prep4", "csharp-prep\Prep4\Prep4.csproj", "{633B7F41-77DA-4B63-8522-625302633219}"
EndProject
Project("{9A19103F-16F7-4668-BE54-9A1E7A4F7556}") = "Prep5", "csharp-prep\Prep5\Prep5.csproj", "{DA606E01-B6B5-4DBE-8273-5281C520D201}"
EndProject
Project("{2150E333-8FDC-42A3-9474-1A3956D46DE8}") = "final", "final", "{1957ED3A-D084-4910-B22C-EE0B13FFA378}"
EndProject
Project("{9A19103F-16F7-4668-BE54-9A1E7A4F7556}") = "FinalProject", "final\FinalProject\FinalProject.csproj", "{DC1D2B11-9A41-46AC-80CE-AED4C6B1CD8F}"
EndProject
Project("{9A19103F-16F7-4668-BE54-9A1E7A4F7556}") = "Foundation1", "final\Foundation1\Foundation1.csproj", "{E7649231-B939-4D31-9C78-803ED22BEEA0}"
EndProject
Project("{9A19103F-16F7-4668-BE54-9A1E7A4F7556}") = "Foundation2", "final\Foundation2\Foundation2.csproj", "{8A20EFD2-BBF9-4945-A182-DEE8CDB9D46F}"
EndProject
Project("{9A19103F-16F7-4668-BE54-9A1E7A4F7556}") = "Foundation3", "final\Foundation3\Foundation3.csproj", "{A7154310-EFB3-4AA9-94B1-C5B196A7B4EF}"
EndProject
Project("{9A19103F-16F7-4668-BE54-9A1E7A4F7556}") = "Foundation4", "final\Foundation4\Foundation4.csproj", "{C1A50826-EC58-468F-8000-25085FEE269D}"
EndProject
Project("{2150E333-8FDC-42A3-9474-1A3956D46DE8}") = "prepare", "prepare", "{B2D65059-A7D3-4684-81BC-574393A7E3A1}"
EndProject
Project("{9A19103F-16F7-4668-BE54-9A1E7A4F7556}") = "Learning02", "prepare\Learning02\Learning02.csproj", "{E51AB4DA-4327-4775-A9B7-BB9B7930BF10}"
EndProject
Project("{9A19103F-16F7-4668-BE54-9A1E7A4F7556}") = "Learning03", "prepare\Learning03\Learning03.csproj", "{8384A590-C089-4A04-B442-93D651F25DD6}"
EndProject
Project("{9A19103F-16F7-4668-BE54-9A1E7A4F7556}") = "Learning04", "prepare\Learning04\Learning04.csproj", "{E3A337E3-1DC5-4D9A-8FE7-6C49A8BA44CE}"
EndProject
Project("{9A19103F-16F7-4668-BE54-9A1E7A4F7556}") = "Learning05", "prepare\Learning05\Learning05.csproj", "{A49E931D-4953-4AE0-9170-E7C7669AFFCC}"
EndProject
Project("{2150E333-8FDC-42A3-9474-1A3956D46DE8}") = "prove", "prove", "{AD231628-CEF0-47BC-AAB3-038D88A0275A}"
EndProject
Project("{9A19103F-16F7-4668-BE54-9A1E7A4F7556}") = "Develop02", "prove\Develop02\Develop02.csproj", "{6FEE65F4-A6E4-400D-B63E-6933D7431B39}"
EndProject
Project("{9A19103F-16F7-4668-BE54-9A1E7A4F7556}") = "Develop03", "prove\Develop03\Develop03.csproj", "{0701507F-5C7D-4791-912B-7FA2DC7BE2F4}"
EndProject
Project("{9A19103F-16F7-4668-BE54-9A1E7A4F7556}") = "Develop04", "prove\Develop04\Develop04.csproj", "{5AFB8CFB-AC8C-4521-BA92-02450A36CC55}"
EndProject
Project("{9A19103F-16F7-4668-BE54-9A1E7A4F7556}") = "Develop05", "prove\Develop05\Develop05.csproj", "{232269E8-5FB9-41ED-A724-F89933B1A2BE}"
EndProject
Project("{2150E333-8FDC-42A3-9474-1A3956D46DE8}") = "sandbox", "sandbox", "{F274BEB7-6331-4BBD-9B71-99219215D4B9}"
EndProject
Project("{9A19103F-16F7-4668-BE54-9A1E7A4F7556}") = "Sandbox", "sandbox\Sandbox\Sandbox.csproj", "{DEB6B30D-DBE9-4130-AC11-F72763287BAD}"
EndProject
Global
	GlobalSection(SolutionConfigurationPlatforms) = preSolution
		Debug|Any CPU = Debug|Any CPU
		Release|Any CPU = Release|Any CPU
	EndGlobalSection
	GlobalSection(ProjectConfigurationPlatforms) = postSolution
		{51E02981-4EE9-46D2-AC90-0CF787E5E474}.Debug|Any CPU.ActiveCfg = Debug|Any CPU
		{51E02981-4EE9-46D2-AC90-0CF787E5E474}.Debug|Any CPU.Build.0 = Debug|Any CPU
		{51E02981-4EE9-46D2-AC90-0CF787E5E474}.Release|Any CPU.ActiveCfg = Release|Any CPU
		{51E02981-4EE9-46D2-AC90-0CF787E5E474}.Release|Any CPU.Build.0 = Release|Any CPU
		{64DD49D0-EFF1-4230-ABE5-FC0E73A42E44}.Debug|Any CPU.ActiveCfg = Debug|Any CPU
		{64DD49D0-EFF1-4230-ABE5-FC0E73A42E44}.Debug|Any CPU.Build.0 = Debug|Any CPU
		{64DD49D0-EFF1-4230-ABE5-FC0E73A42E44}.Release|Any CPU.ActiveCfg = Release|Any CPU
		{64DD49D0-EFF1-4230-ABE5-FC0E73A42E44}.Release|Any CPU.Build.0 = Release|Any CPU
		{A27D9846-96CA-4CAE-ADFC-FAC9C607A507}.Debug|Any CPU.ActiveCfg = Debug|Any CPU
		{A27D9846-96CA-4CAE-ADFC-FAC9C607A507}.Debug|Any CPU.Build.0 = Debug|Any CPU
		{A27D9846-96CA-4CAE-ADFC-FAC9C607A507}.Release|Any CPU.ActiveCfg = Release|Any CPU
		{A27D9846-96CA-4CAE-ADFC-FAC9C607A507}.Release|Any CPU.Build.0 = Release|Any CPU
		{633B7F41-77DA-4B63-8522-625302633219}.Debug|Any CPU.ActiveCfg = Debug|Any CPU
		{633B7F41-77DA-4B63-8522-625302633219}.Debug|Any CPU.Build.0 = Debug|Any CPU
		{633B7F41-77DA-4B63-8522-625302633219}.Release|Any CPU.ActiveCfg = Release|Any CPU
		{633B7F41-77DA-4B63-8522-625302633219}.Release|Any CPU.Build.0 = Release|Any CPU
		{DA606E01-B6B5-4DBE-8273-5281C520D201}.Debug|Any CPU.ActiveCfg = Debug|Any CPU
		{DA606E01-B6B5-4DBE-8273-5281C520D201}.Debug|Any CPU.Build.0 = Debug|Any CPU
		{DA606E01-B6B5-4DBE-8273-5281C520D201}.Release|Any CPU.ActiveCfg = Release|Any CPU
		{DA606E01-B6B5-4DBE-8273-5281C520D201}.Release|Any CPU.Build.0 = Release|Any CPU
		{DC1D2B11-9A41-46AC-80CE-AED4C6B1CD8F}.Debug|Any CPU.ActiveCfg = Debug|Any CPU
		{DC1D2B11-9A41-46AC-80CE-AED4C6B1CD8F}.Debug|Any CPU.Build.0 = Debug|Any CPU
		{DC1D2B11-9A41-46AC-80CE-AED4C6B1CD8F}.Release|Any CPU.ActiveCfg = Release|Any CPU
		{DC1D2B11-9A41-46AC-80CE-AED4C6B1CD8F}.Release|Any CPU.Build.0 = Release|Any CPU
		{E7649231-B939-4D31-9C78-803ED22BEEA0}.Debug|Any CPU.ActiveCfg = Debug|Any CPU
		{E7649231-B939-4D31-9C78-803ED22BEEA0}.Debug|Any CPU.Build.0 = Debug|Any CPU
		{E7649231-B939-4D31-9C78-803ED22BEEA0}.Release|Any CPU.ActiveCfg = Release|Any CPU
		{E7649231-B939-4D31-9C78-803ED22BEEA0}.Release|Any CPU.Build.0 = Release|Any CPU
		{8A20EFD2-BBF9-4945-A182-DEE8CDB9D46F}.Debug|Any CPU.ActiveCfg = Debug|Any CPU
		{8A20EFD2-BBF9-4945-A182-DEE8CDB9D46F}.Debug|Any CPU.Build.0 = Debug|Any CPU
		{8A20EFD2-BBF9-4945-A182-DEE8CDB9D46F}.Release|Any CPU.ActiveCfg = Release|Any CPU
		{8A20EFD2-BBF9-4945-A182-DEE8CDB9D46F}.Release|Any CPU.Build.0 = Release|Any CPU
		{A7154310-EFB3-4AA9-94B1-C5B196A7B4EF}.Debug|Any CPU.ActiveCfg = Debug|Any CPU
		{A7154310-EFB3-4AA9-94B1-C5B196A7B4EF}.Debug|Any CPU.Build.0 = Debug|Any CPU
		{A7154310-EFB3-4AA9-94B1-C5B196A7B4EF}.Release|Any CPU.ActiveCfg = Release|Any CPU
		{A7154310-EFB3-4AA9-94B1-C5B196A7B4EF}.Release|Any CPU.Build.0 = Release|Any CPU
		{C1A50826-EC58-468F-8000-25085FEE269D}.Debug|Any CPU.ActiveCfg = Debug|Any CPU
		{C1A50826-EC58-468F-8000-25085FEE269D}.Debug|Any CPU.Build.0 = Debug|Any CPU
		{C1A50826-EC58-468F-8000-25085FEE269D}.Release|Any CPU.ActiveCfg = Release|Any CPU
		{C1A50826-EC58-468F-8000-25085FEE269D}.Release|Any CPU.Build.0 = Release|Any CPU
		{E51AB4DA-4327-4775-A9B7-BB9B7930BF10}.Debug|Any CPU.ActiveCfg = Debug|Any CPU
		{E51AB4DA-4327-4775-A9B7-BB9B7930BF10}.Debug|Any CPU.Build.0 = Debug|Any CPU
		{E51AB4DA-4327-4775-A9B7-BB9B7930BF10}.Release|Any CPU.ActiveCfg = Release|Any CPU
		{E51AB4DA-4327-4775-A9B7-BB9B7930BF10}.Release|Any CPU.Build.0 = Release|Any CPU
		{8384A590-C089-4A04-B442-93D651F25DD6}.Debug|Any CPU.ActiveCfg = Debug|Any CPU
		{8384A590-C089-4A04-B442-93D651F25DD6}.Debug|Any CPU.Build.0 = Debug|Any CPU
		{8384A590-C089-4A04-B442-93D651F25DD6}.Release|Any CPU.ActiveCfg = Release|Any CPU
		{8384A590-C089-4A04-B442-93D651F25DD6}.Release|Any CPU.Build.0 = Release|Any CPU
		{E3A337E3-1DC5-4D9A-8FE7-6C49A8BA44CE}.Debug|Any CPU.ActiveCfg = Debug|Any CPU
		{E3A337E3-1DC5-4D9A-8FE7-6C49A8BA44CE}.Debug|Any CPU.Build.0 = Debug|Any CPU
		{E3A337E3-1DC5-4D9A-8FE7-6C49A8BA44CE}.Release|Any CPU.ActiveCfg = Release|Any CPU
		{E3A337E3-1DC5-4D9A-8FE7-6C49A8BA44CE}.Release|Any CPU.Build.0 = Release|Any CPU
		{A49E931D-4953-4AE0-9170-E7C7669AFFCC}.Debug|Any CPU.ActiveCfg = Debug|Any CPU
		{A49E931D-4953-4AE0-9170-E7C7669AFFCC}.Debug|Any CPU.Build.0 = Debug|Any CPU
		{A49E931D-4953-4AE0-9170-E7C7669AFFCC}.Release|Any CPU.ActiveCfg = Release|Any CPU
		{A49E931D-4953-4AE0-9170-E7C7669AFFCC}.Release|Any CPU.Build.0 = Release|Any CPU
		{6FEE65F4-A6E4-400D-B63E-6933D7431B39}.Debug|Any CPU.ActiveCfg = Debug|Any CPU
		{6FEE65F4-A6E4-400D-B63E-6933D7431B39}.Debug|Any CPU.Build.0 = Debug|Any CPU
		{6FEE65F4-A6E4-400D-B63E-6933D7431B39}.Release|Any CPU.ActiveCfg = Release|Any CPU
		{6FEE65F4-A6E4-400D-B63E-6933D7431B39}.Release|Any CPU.Build.0 = Release|Any CPU
		{0701507F-5C7D-4791-912B-7FA2DC7BE2F4}.Debug|Any CPU.ActiveCfg = Debug|Any CPU
		{0701507F-5C7D-4791-912B-7FA2DC7BE2F4}.Debug|Any CPU.Build.0 = Debug|Any CPU
		{0701507F-5C7D-4791-912B-7FA2DC7BE2F4}.Release|Any CPU.ActiveCfg = Release|Any CPU
		{0701507F-5C7D-4791-912B-7FA2DC7BE2F4}.Release|Any CPU.Build.0 = Release|Any CPU
		{5AFB8CFB-AC8C-4521-BA92-02450A36CC55}.Debug|Any CPU.ActiveCfg = Debug|Any CPU
		{5AFB8CFB-AC8C-4521-BA92-02450A36CC55}.Debug|Any CPU.Build.0 = Debug|Any CPU
		{5AFB8CFB-AC8C-4521-BA92-02450A36CC55}.Release|Any CPU.ActiveCfg = Release|Any CPU
		{5AFB8CFB-AC8C-4521-BA92-02450A36CC55}.Release|Any CPU.Build.0 = Release|Any CPU
		{232269E8-5FB9-41ED-A724-F89933B1A2BE}.Debug|Any CPU.ActiveCfg = Debug|Any CPU
		{232269E8-5FB9-41ED-A724-F89933B1A2BE}.Debug|Any CPU.Build.0 = Debug|Any CPU
		{232269E8-5FB9-41ED-A724-F89933B1A2BE}.Release|Any CPU.ActiveCfg = Release|Any CPU
		{232269E8-5FB9-41ED-A724-F89933B1A2BE}.Release|Any CPU.Build.0 = Release|Any CPU
		{DEB6B30D-DBE9-4130-AC11-F72763287BAD}.Debug|Any CPU.ActiveCfg = Debug|Any CPU
		{DEB6B30D-DBE9-4130-AC11-F72763287BAD}.Debug|Any CPU.Build.0 = Debug|Any CPU
		{DEB6B30D-DBE9-4130-AC11-F72763287BAD}.Release|Any CPU.ActiveCfg = Release|Any CPU
		{DEB6B30D-DBE9-4130-AC11-F72763287BAD}.Release|Any CPU.Build.0 = Release|Any CPU
	EndGlobalSection
	GlobalSection(SolutionProperties) = preSolution
		HideSolutionNode = FALSE
	EndGlobalSection
	GlobalSection(NestedProjects) = preSolution
		{51E02981-4EE9-46D2-AC90-0CF787E5E474} = {B242EF43-1721-4A0F-A106-43D3C1C6B226}
		{64DD49D0-EFF1-4230-ABE5-FC0E73A42E44} = {B242EF43-1721-4A0F-A106-43D3C1C6B226}
		{A27D9846-96CA-4CAE-ADFC-FAC9C607A507} = {B242EF43-1721-4A0F-A106-43D3C1C6B226}
		{633B7F41-77DA-4B63-8522-625302633219} = {B242EF43-1721-4A0F-A106-43D3C1C6B226}
		{DA606E01-B6B5-4DBE-8273-5281C520D201} = {B242EF43-1721-4A0F-A106-43D3C1C6B226}
		{DC1D2B11-9A41-46AC-80CE-AED4C6B1CD8F} = {1957ED3A-D084-4910-B22C-EE0B13FFA378}
		{E7649231-B939-4D31-9C78-803ED22BEEA0} = {1957ED3A-D084-4910-B22C-EE0B13FFA378}
		{8A20EFD2-BBF9-4945-A182-DEE8CDB9D46F} = {1957ED3A-D084-4910-B22C-EE0B13FFA378}
		{A7154310-EFB3-4AA9-94B1-C5B196A7B4EF} = {1957ED3A-D084-4910-B22C-EE0B13FFA378}
		{C1A50826-EC58-468F-8000-25085FEE269D} = {1957ED3A-D084-4910-B22C-EE0B13FFA378}
		{E51AB4DA-4327-4775-A9B7-BB9B7930BF10} = {B2D65059-A7D3-4684-81BC-574393A7E3A1}
		{8384A590-C089-4A04-B442-93D651F25DD6} = {B2D65059-A7D3-4684-81BC-574393A7E3A1}
		{E3A337E3-1DC5-4D9A-8FE7-6C49A8BA44CE} = {B2D65059-A7D3-4684-81BC-574393A7E3A1}
		{A49E931D-4953-4AE0-9170-E7C7669AFFCC} = {B2D65059-A7D3-4684-81BC-574393A7E3A1}
		{6FEE65F4-A6E4-400D-B63E-6933D7431B39} = {AD231628-CEF0-47BC-AAB3-038D88A0275A}
		{0701507F-5C7D-4791-912B-7FA2DC7BE2F4} = {AD231628-CEF0-47BC-AAB3-038D88A0275A}
		{5AFB8CFB-AC8C-4521-BA92-02450A36CC55} = {AD231628-CEF0-47BC-AAB3-038D88A0275A}
		{232269E8-5FB9-41ED-A724-F89933B1A2BE} = {AD231628-CEF0-47BC-AAB3-038D88A0275A}
		{DEB6B30D-DBE9-4130-AC11-F72763287BAD} = {F274BEB7-6331-4BBD-9B71-99219215D4B9}
	EndGlobalSection
	GlobalSection(ExtensibilityGlobals) = postSolution
		SolutionGuid = {2CD53980-BF43-4178-BBF7-EC7ECFCDF28D}
	EndGlobalSection
EndGlobal
